// !$*UTF8*$!
{
	archiveVersion = 1;
	classes = {
	};
	objectVersion = 46;
	objects = {

/* Begin PBXBuildFile section */
		E01BBFD51A89D57A00D1568A /* AddItemViewController.m in Sources */ = {isa = PBXBuildFile; fileRef = E01BBFD31A89D57A00D1568A /* AddItemViewController.m */; };
		E01BC0071A8B156400D1568A /* InventoryMenuViewController.m in Sources */ = {isa = PBXBuildFile; fileRef = E01BC0061A8B156400D1568A /* InventoryMenuViewController.m */; };
		E01BC0101A8B19A300D1568A /* BG 2@2x.png in Resources */ = {isa = PBXBuildFile; fileRef = E01BC0081A8B19A300D1568A /* BG 2@2x.png */; };
		E01BC0111A8B19A300D1568A /* BG@2x.png in Resources */ = {isa = PBXBuildFile; fileRef = E01BC0091A8B19A300D1568A /* BG@2x.png */; };
		E01BC0121A8B19A300D1568A /* Category@2x.png in Resources */ = {isa = PBXBuildFile; fileRef = E01BC00A1A8B19A300D1568A /* Category@2x.png */; };
		E01BC0131A8B19A300D1568A /* Hero@2x.png in Resources */ = {isa = PBXBuildFile; fileRef = E01BC00B1A8B19A300D1568A /* Hero@2x.png */; };
		E01BC0141A8B19A300D1568A /* Menu@2x.png in Resources */ = {isa = PBXBuildFile; fileRef = E01BC00C1A8B19A300D1568A /* Menu@2x.png */; };
		E01BC0151A8B19A300D1568A /* Search@2x.png in Resources */ = {isa = PBXBuildFile; fileRef = E01BC00D1A8B19A300D1568A /* Search@2x.png */; };
		E01BC0161A8B19A300D1568A /* T-Shirts@2x.png in Resources */ = {isa = PBXBuildFile; fileRef = E01BC00E1A8B19A300D1568A /* T-Shirts@2x.png */; };
		E01BC0171A8B19A300D1568A /* Winter@2x.png in Resources */ = {isa = PBXBuildFile; fileRef = E01BC00F1A8B19A300D1568A /* Winter@2x.png */; };
		E02FB9B61AA3B78E00FAD390 /* Bolts.framework in Frameworks */ = {isa = PBXBuildFile; fileRef = E02FB9B11AA3B78E00FAD390 /* Bolts.framework */; };
		E02FB9B71AA3B78E00FAD390 /* Parse.framework in Frameworks */ = {isa = PBXBuildFile; fileRef = E02FB9B21AA3B78E00FAD390 /* Parse.framework */; };
		E02FB9B81AA3B78E00FAD390 /* ParseCrashReporting.framework in Frameworks */ = {isa = PBXBuildFile; fileRef = E02FB9B31AA3B78E00FAD390 /* ParseCrashReporting.framework */; };
		E02FB9B91AA3B78E00FAD390 /* ParseFacebookUtils.framework in Frameworks */ = {isa = PBXBuildFile; fileRef = E02FB9B41AA3B78E00FAD390 /* ParseFacebookUtils.framework */; };
		E02FB9BA1AA3B78E00FAD390 /* ParseUI.framework in Frameworks */ = {isa = PBXBuildFile; fileRef = E02FB9B51AA3B78E00FAD390 /* ParseUI.framework */; };
		E02FB9BC1AA3CD9C00FAD390 /* AudioToolbox.framework in Frameworks */ = {isa = PBXBuildFile; fileRef = E02FB9BB1AA3CD9C00FAD390 /* AudioToolbox.framework */; };
		E02FB9BE1AA3CDA200FAD390 /* Accounts.framework in Frameworks */ = {isa = PBXBuildFile; fileRef = E02FB9BD1AA3CDA200FAD390 /* Accounts.framework */; };
		E02FB9C01AA3CDA900FAD390 /* AdSupport.framework in Frameworks */ = {isa = PBXBuildFile; fileRef = E02FB9BF1AA3CDA900FAD390 /* AdSupport.framework */; };
		E02FB9C21AA3CDB100FAD390 /* CFNetwork.framework in Frameworks */ = {isa = PBXBuildFile; fileRef = E02FB9C11AA3CDB100FAD390 /* CFNetwork.framework */; };
		E02FB9C41AA3CDBB00FAD390 /* CoreGraphics.framework in Frameworks */ = {isa = PBXBuildFile; fileRef = E02FB9C31AA3CDBB00FAD390 /* CoreGraphics.framework */; };
		E02FB9C61AA3CDC200FAD390 /* CoreLocation.framework in Frameworks */ = {isa = PBXBuildFile; fileRef = E02FB9C51AA3CDC200FAD390 /* CoreLocation.framework */; };
		E02FB9C81AA3CDD500FAD390 /* libsqlite3.dylib in Frameworks */ = {isa = PBXBuildFile; fileRef = E02FB9C71AA3CDD500FAD390 /* libsqlite3.dylib */; };
		E02FB9CA1AA3CDDE00FAD390 /* libz.1.1.3.dylib in Frameworks */ = {isa = PBXBuildFile; fileRef = E02FB9C91AA3CDDE00FAD390 /* libz.1.1.3.dylib */; };
		E02FB9CC1AA3CDE500FAD390 /* MobileCoreServices.framework in Frameworks */ = {isa = PBXBuildFile; fileRef = E02FB9CB1AA3CDE500FAD390 /* MobileCoreServices.framework */; };
		E02FB9CE1AA3CDEE00FAD390 /* QuartzCore.framework in Frameworks */ = {isa = PBXBuildFile; fileRef = E02FB9CD1AA3CDEE00FAD390 /* QuartzCore.framework */; };
		E02FB9D01AA3CDF500FAD390 /* Security.framework in Frameworks */ = {isa = PBXBuildFile; fileRef = E02FB9CF1AA3CDF500FAD390 /* Security.framework */; };
		E02FB9D21AA3CDFD00FAD390 /* Social.framework in Frameworks */ = {isa = PBXBuildFile; fileRef = E02FB9D11AA3CDFD00FAD390 /* Social.framework */; };
		E02FB9D41AA3CE0200FAD390 /* StoreKit.framework in Frameworks */ = {isa = PBXBuildFile; fileRef = E02FB9D31AA3CE0200FAD390 /* StoreKit.framework */; };
		E02FB9D61AA3CE0B00FAD390 /* SystemConfiguration.framework in Frameworks */ = {isa = PBXBuildFile; fileRef = E02FB9D51AA3CE0B00FAD390 /* SystemConfiguration.framework */; };
		E02FB9D81AA3CE1000FAD390 /* UIKit.framework in Frameworks */ = {isa = PBXBuildFile; fileRef = E02FB9D71AA3CE1000FAD390 /* UIKit.framework */; };
		E02FB9DE1AA3DF3F00FAD390 /* Popup@2x.png in Resources */ = {isa = PBXBuildFile; fileRef = E02FB9DD1AA3DF3F00FAD390 /* Popup@2x.png */; };
		E02FB9E11AA3E0A800FAD390 /* LoginViewController.m in Sources */ = {isa = PBXBuildFile; fileRef = E02FB9E01AA3E0A800FAD390 /* LoginViewController.m */; };
		E02FB9E41AA4045500FAD390 /* InitialFetchViewController.m in Sources */ = {isa = PBXBuildFile; fileRef = E02FB9E31AA4045500FAD390 /* InitialFetchViewController.m */; };
		E02FB9E81AA4339F00FAD390 /* Batch.m in Sources */ = {isa = PBXBuildFile; fileRef = E02FB9E71AA4339F00FAD390 /* Batch.m */; };
		E02FB9EE1AA4339F00FAD390 /* ShippingOrder.m in Sources */ = {isa = PBXBuildFile; fileRef = E02FB9ED1AA4339F00FAD390 /* ShippingOrder.m */; };
		E02FB9F11AA5741B00FAD390 /* Item.m in Sources */ = {isa = PBXBuildFile; fileRef = E02FB9F01AA5741B00FAD390 /* Item.m */; };
		E0447C581A9290D9008AE13B /* DetailCollectionViewCell.m in Sources */ = {isa = PBXBuildFile; fileRef = E0447C561A9290D9008AE13B /* DetailCollectionViewCell.m */; };
		E0447C5E1A93CAE4008AE13B /* AddItemFormViewController.m in Sources */ = {isa = PBXBuildFile; fileRef = E0447C5C1A93CAE4008AE13B /* AddItemFormViewController.m */; };
		E0447C5F1A93CAE4008AE13B /* AddItemFormViewController.xib in Resources */ = {isa = PBXBuildFile; fileRef = E0447C5D1A93CAE4008AE13B /* AddItemFormViewController.xib */; };
		E0447C661A93DC52008AE13B /* AddItemForm2ViewController.m in Sources */ = {isa = PBXBuildFile; fileRef = E0447C641A93DC52008AE13B /* AddItemForm2ViewController.m */; };
		E0447C671A93DC52008AE13B /* AddItemForm2ViewController.xib in Resources */ = {isa = PBXBuildFile; fileRef = E0447C651A93DC52008AE13B /* AddItemForm2ViewController.xib */; };
		E0447C6A1A93DEBD008AE13B /* FormViewControllerPrototype.m in Sources */ = {isa = PBXBuildFile; fileRef = E0447C691A93DEBD008AE13B /* FormViewControllerPrototype.m */; };
		E056014D1AA2C65F008FD1C1 /* Add Inventory 2@2x.png in Resources */ = {isa = PBXBuildFile; fileRef = E05601471AA2C65F008FD1C1 /* Add Inventory 2@2x.png */; };
		E056014E1AA2C65F008FD1C1 /* Cancel BUtton@2x.png in Resources */ = {isa = PBXBuildFile; fileRef = E05601481AA2C65F008FD1C1 /* Cancel BUtton@2x.png */; };
		E056014F1AA2C65F008FD1C1 /* jeans icon@2x.png in Resources */ = {isa = PBXBuildFile; fileRef = E05601491AA2C65F008FD1C1 /* jeans icon@2x.png */; };
		E05601501AA2C65F008FD1C1 /* shirt icon@2x.png in Resources */ = {isa = PBXBuildFile; fileRef = E056014A1AA2C65F008FD1C1 /* shirt icon@2x.png */; };
		E05601511AA2C65F008FD1C1 /* shoe icon@2x.png in Resources */ = {isa = PBXBuildFile; fileRef = E056014B1AA2C65F008FD1C1 /* shoe icon@2x.png */; };
		E05601521AA2C65F008FD1C1 /* watch icon@2x.png in Resources */ = {isa = PBXBuildFile; fileRef = E056014C1AA2C65F008FD1C1 /* watch icon@2x.png */; };
		E074ACF81A8824C700CC037F /* main.m in Sources */ = {isa = PBXBuildFile; fileRef = E074ACF71A8824C700CC037F /* main.m */; };
		E074ACFB1A8824C700CC037F /* AppDelegate.m in Sources */ = {isa = PBXBuildFile; fileRef = E074ACFA1A8824C700CC037F /* AppDelegate.m */; };
		E074ACFE1A8824C700CC037F /* Exclusive.xcdatamodeld in Sources */ = {isa = PBXBuildFile; fileRef = E074ACFC1A8824C700CC037F /* Exclusive.xcdatamodeld */; };
		E074AD011A8824C700CC037F /* MasterViewController.m in Sources */ = {isa = PBXBuildFile; fileRef = E074AD001A8824C700CC037F /* MasterViewController.m */; };
		E074AD041A8824C700CC037F /* DetailViewController.m in Sources */ = {isa = PBXBuildFile; fileRef = E074AD031A8824C700CC037F /* DetailViewController.m */; };
		E074AD071A8824C700CC037F /* Main.storyboard in Resources */ = {isa = PBXBuildFile; fileRef = E074AD051A8824C700CC037F /* Main.storyboard */; };
		E074AD091A8824C700CC037F /* Images.xcassets in Resources */ = {isa = PBXBuildFile; fileRef = E074AD081A8824C700CC037F /* Images.xcassets */; };
		E074AD0C1A8824C700CC037F /* LaunchScreen.xib in Resources */ = {isa = PBXBuildFile; fileRef = E074AD0A1A8824C700CC037F /* LaunchScreen.xib */; };
		E074AD181A8824C700CC037F /* ExclusiveTests.m in Sources */ = {isa = PBXBuildFile; fileRef = E074AD171A8824C700CC037F /* ExclusiveTests.m */; };
		E082DB8A1A9C0CAB00FBA8D7 /* PopSegue.m in Sources */ = {isa = PBXBuildFile; fileRef = E082DB891A9C0CAB00FBA8D7 /* PopSegue.m */; };
		E082DB8F1A9C29F700FBA8D7 /* ShipInventoryViewController.m in Sources */ = {isa = PBXBuildFile; fileRef = E082DB8E1A9C29F700FBA8D7 /* ShipInventoryViewController.m */; };
		E082DB931A9C303B00FBA8D7 /* CreateShippingOrderViewController.m in Sources */ = {isa = PBXBuildFile; fileRef = E082DB921A9C303B00FBA8D7 /* CreateShippingOrderViewController.m */; };
		E082DB961A9C305700FBA8D7 /* ViewAllOrdersViewController.m in Sources */ = {isa = PBXBuildFile; fileRef = E082DB951A9C305700FBA8D7 /* ViewAllOrdersViewController.m */; };
		E082DB9E1A9D1FF200FBA8D7 /* add photo button@2x.png in Resources */ = {isa = PBXBuildFile; fileRef = E082DB9B1A9D1FF200FBA8D7 /* add photo button@2x.png */; };
		E082DB9F1A9D1FF200FBA8D7 /* Graph@2x.png in Resources */ = {isa = PBXBuildFile; fileRef = E082DB9C1A9D1FF200FBA8D7 /* Graph@2x.png */; };
		E082DBA91A9D96FF00FBA8D7 /* Black button bar@2x.png in Resources */ = {isa = PBXBuildFile; fileRef = E082DBA51A9D96FF00FBA8D7 /* Black button bar@2x.png */; };
		E082DBAA1A9D96FF00FBA8D7 /* Item Image@2x.png in Resources */ = {isa = PBXBuildFile; fileRef = E082DBA61A9D96FF00FBA8D7 /* Item Image@2x.png */; };
		E082DBAB1A9D96FF00FBA8D7 /* Label Container@2x.png in Resources */ = {isa = PBXBuildFile; fileRef = E082DBA71A9D96FF00FBA8D7 /* Label Container@2x.png */; };
		E082DBAC1A9D96FF00FBA8D7 /* UICollectionViewCell Container@2x.png in Resources */ = {isa = PBXBuildFile; fileRef = E082DBA81A9D96FF00FBA8D7 /* UICollectionViewCell Container@2x.png */; };
		E082DBAE1A9D98A400FBA8D7 /* Item Image Big@2x.png in Resources */ = {isa = PBXBuildFile; fileRef = E082DBAD1A9D98A400FBA8D7 /* Item Image Big@2x.png */; };
		E082DBB41A9E966800FBA8D7 /* Add Inventory@2x.png in Resources */ = {isa = PBXBuildFile; fileRef = E082DBB01A9E966800FBA8D7 /* Add Inventory@2x.png */; };
		E082DBB51A9E966800FBA8D7 /* logo@2x.png in Resources */ = {isa = PBXBuildFile; fileRef = E082DBB11A9E966800FBA8D7 /* logo@2x.png */; };
		E082DBB61A9E966800FBA8D7 /* Sell Inventory.png in Resources */ = {isa = PBXBuildFile; fileRef = E082DBB21A9E966800FBA8D7 /* Sell Inventory.png */; };
		E082DBB71A9E966800FBA8D7 /* Ship Inventory@2x.png in Resources */ = {isa = PBXBuildFile; fileRef = E082DBB31A9E966800FBA8D7 /* Ship Inventory@2x.png */; };
		E082DBBB1A9EBC2300FBA8D7 /* exclusive@2x.png in Resources */ = {isa = PBXBuildFile; fileRef = E082DBBA1A9EBC2300FBA8D7 /* exclusive@2x.png */; };
		E082DBBD1A9EC06D00FBA8D7 /* selectedButton@2x.png in Resources */ = {isa = PBXBuildFile; fileRef = E082DBBC1A9EC06D00FBA8D7 /* selectedButton@2x.png */; };
		E082DBC11A9FE7D300FBA8D7 /* Logo Black@2x.png in Resources */ = {isa = PBXBuildFile; fileRef = E082DBC01A9FE7D300FBA8D7 /* Logo Black@2x.png */; };
		E082DBC61AA0308600FBA8D7 /* ModelController.m in Sources */ = {isa = PBXBuildFile; fileRef = E082DBC51AA0308600FBA8D7 /* ModelController.m */; };
		E082DBCA1AA17A2800FBA8D7 /* AcknowledgeOrderViewController.m in Sources */ = {isa = PBXBuildFile; fileRef = E082DBC91AA17A2800FBA8D7 /* AcknowledgeOrderViewController.m */; };
		E082DBCE1AA28C1B00FBA8D7 /* logo white@2x.png in Resources */ = {isa = PBXBuildFile; fileRef = E082DBCD1AA28C1B00FBA8D7 /* logo white@2x.png */; };
		E082DBD11AA296F000FBA8D7 /* AwaitingConfirmationCollectionViewCell.m in Sources */ = {isa = PBXBuildFile; fileRef = E082DBD01AA296F000FBA8D7 /* AwaitingConfirmationCollectionViewCell.m */; };
		E082DBD51AA2A77F00FBA8D7 /* BatchDetailTableViewCell.m in Sources */ = {isa = PBXBuildFile; fileRef = E082DBD41AA2A77F00FBA8D7 /* BatchDetailTableViewCell.m */; };
		E082DBD81AA2A7B300FBA8D7 /* ShippingOrderTableViewCell.m in Sources */ = {isa = PBXBuildFile; fileRef = E082DBD71AA2A7B300FBA8D7 /* ShippingOrderTableViewCell.m */; };
		E9CAA9F31A945A4C00DBCC87 /* Checked Active.png in Resources */ = {isa = PBXBuildFile; fileRef = E9CAA9F11A945A4C00DBCC87 /* Checked Active.png */; };
		E9CAA9F41A945A4C00DBCC87 /* Checked Inactive.png in Resources */ = {isa = PBXBuildFile; fileRef = E9CAA9F21A945A4C00DBCC87 /* Checked Inactive.png */; };
/* End PBXBuildFile section */

/* Begin PBXContainerItemProxy section */
		E074AD121A8824C700CC037F /* PBXContainerItemProxy */ = {
			isa = PBXContainerItemProxy;
			containerPortal = E074ACEA1A8824C700CC037F /* Project object */;
			proxyType = 1;
			remoteGlobalIDString = E074ACF11A8824C700CC037F;
			remoteInfo = Exclusive;
		};
/* End PBXContainerItemProxy section */

/* Begin PBXFileReference section */
		E01BBFD21A89D57A00D1568A /* AddItemViewController.h */ = {isa = PBXFileReference; fileEncoding = 4; lastKnownFileType = sourcecode.c.h; path = AddItemViewController.h; sourceTree = "<group>"; };
		E01BBFD31A89D57A00D1568A /* AddItemViewController.m */ = {isa = PBXFileReference; fileEncoding = 4; lastKnownFileType = sourcecode.c.objc; path = AddItemViewController.m; sourceTree = "<group>"; };
		E01BC0051A8B156400D1568A /* InventoryMenuViewController.h */ = {isa = PBXFileReference; fileEncoding = 4; lastKnownFileType = sourcecode.c.h; path = InventoryMenuViewController.h; sourceTree = "<group>"; };
		E01BC0061A8B156400D1568A /* InventoryMenuViewController.m */ = {isa = PBXFileReference; fileEncoding = 4; lastKnownFileType = sourcecode.c.objc; path = InventoryMenuViewController.m; sourceTree = "<group>"; };
		E01BC0081A8B19A300D1568A /* BG 2@2x.png */ = {isa = PBXFileReference; lastKnownFileType = image.png; path = "BG 2@2x.png"; sourceTree = "<group>"; };
		E01BC0091A8B19A300D1568A /* BG@2x.png */ = {isa = PBXFileReference; lastKnownFileType = image.png; path = "BG@2x.png"; sourceTree = "<group>"; };
		E01BC00A1A8B19A300D1568A /* Category@2x.png */ = {isa = PBXFileReference; lastKnownFileType = image.png; path = "Category@2x.png"; sourceTree = "<group>"; };
		E01BC00B1A8B19A300D1568A /* Hero@2x.png */ = {isa = PBXFileReference; lastKnownFileType = image.png; path = "Hero@2x.png"; sourceTree = "<group>"; };
		E01BC00C1A8B19A300D1568A /* Menu@2x.png */ = {isa = PBXFileReference; lastKnownFileType = image.png; path = "Menu@2x.png"; sourceTree = "<group>"; };
		E01BC00D1A8B19A300D1568A /* Search@2x.png */ = {isa = PBXFileReference; lastKnownFileType = image.png; path = "Search@2x.png"; sourceTree = "<group>"; };
		E01BC00E1A8B19A300D1568A /* T-Shirts@2x.png */ = {isa = PBXFileReference; lastKnownFileType = image.png; path = "T-Shirts@2x.png"; sourceTree = "<group>"; };
		E01BC00F1A8B19A300D1568A /* Winter@2x.png */ = {isa = PBXFileReference; lastKnownFileType = image.png; path = "Winter@2x.png"; sourceTree = "<group>"; };
		E02FB9B11AA3B78E00FAD390 /* Bolts.framework */ = {isa = PBXFileReference; lastKnownFileType = wrapper.framework; path = Bolts.framework; sourceTree = "<group>"; };
		E02FB9B21AA3B78E00FAD390 /* Parse.framework */ = {isa = PBXFileReference; lastKnownFileType = wrapper.framework; path = Parse.framework; sourceTree = "<group>"; };
		E02FB9B31AA3B78E00FAD390 /* ParseCrashReporting.framework */ = {isa = PBXFileReference; lastKnownFileType = wrapper.framework; path = ParseCrashReporting.framework; sourceTree = "<group>"; };
		E02FB9B41AA3B78E00FAD390 /* ParseFacebookUtils.framework */ = {isa = PBXFileReference; lastKnownFileType = wrapper.framework; path = ParseFacebookUtils.framework; sourceTree = "<group>"; };
		E02FB9B51AA3B78E00FAD390 /* ParseUI.framework */ = {isa = PBXFileReference; lastKnownFileType = wrapper.framework; path = ParseUI.framework; sourceTree = "<group>"; };
		E02FB9BB1AA3CD9C00FAD390 /* AudioToolbox.framework */ = {isa = PBXFileReference; lastKnownFileType = wrapper.framework; name = AudioToolbox.framework; path = System/Library/Frameworks/AudioToolbox.framework; sourceTree = SDKROOT; };
		E02FB9BD1AA3CDA200FAD390 /* Accounts.framework */ = {isa = PBXFileReference; lastKnownFileType = wrapper.framework; name = Accounts.framework; path = System/Library/Frameworks/Accounts.framework; sourceTree = SDKROOT; };
		E02FB9BF1AA3CDA900FAD390 /* AdSupport.framework */ = {isa = PBXFileReference; lastKnownFileType = wrapper.framework; name = AdSupport.framework; path = System/Library/Frameworks/AdSupport.framework; sourceTree = SDKROOT; };
		E02FB9C11AA3CDB100FAD390 /* CFNetwork.framework */ = {isa = PBXFileReference; lastKnownFileType = wrapper.framework; name = CFNetwork.framework; path = System/Library/Frameworks/CFNetwork.framework; sourceTree = SDKROOT; };
		E02FB9C31AA3CDBB00FAD390 /* CoreGraphics.framework */ = {isa = PBXFileReference; lastKnownFileType = wrapper.framework; name = CoreGraphics.framework; path = System/Library/Frameworks/CoreGraphics.framework; sourceTree = SDKROOT; };
		E02FB9C51AA3CDC200FAD390 /* CoreLocation.framework */ = {isa = PBXFileReference; lastKnownFileType = wrapper.framework; name = CoreLocation.framework; path = System/Library/Frameworks/CoreLocation.framework; sourceTree = SDKROOT; };
		E02FB9C71AA3CDD500FAD390 /* libsqlite3.dylib */ = {isa = PBXFileReference; lastKnownFileType = "compiled.mach-o.dylib"; name = libsqlite3.dylib; path = usr/lib/libsqlite3.dylib; sourceTree = SDKROOT; };
		E02FB9C91AA3CDDE00FAD390 /* libz.1.1.3.dylib */ = {isa = PBXFileReference; lastKnownFileType = "compiled.mach-o.dylib"; name = libz.1.1.3.dylib; path = usr/lib/libz.1.1.3.dylib; sourceTree = SDKROOT; };
		E02FB9CB1AA3CDE500FAD390 /* MobileCoreServices.framework */ = {isa = PBXFileReference; lastKnownFileType = wrapper.framework; name = MobileCoreServices.framework; path = System/Library/Frameworks/MobileCoreServices.framework; sourceTree = SDKROOT; };
		E02FB9CD1AA3CDEE00FAD390 /* QuartzCore.framework */ = {isa = PBXFileReference; lastKnownFileType = wrapper.framework; name = QuartzCore.framework; path = System/Library/Frameworks/QuartzCore.framework; sourceTree = SDKROOT; };
		E02FB9CF1AA3CDF500FAD390 /* Security.framework */ = {isa = PBXFileReference; lastKnownFileType = wrapper.framework; name = Security.framework; path = System/Library/Frameworks/Security.framework; sourceTree = SDKROOT; };
		E02FB9D11AA3CDFD00FAD390 /* Social.framework */ = {isa = PBXFileReference; lastKnownFileType = wrapper.framework; name = Social.framework; path = System/Library/Frameworks/Social.framework; sourceTree = SDKROOT; };
		E02FB9D31AA3CE0200FAD390 /* StoreKit.framework */ = {isa = PBXFileReference; lastKnownFileType = wrapper.framework; name = StoreKit.framework; path = System/Library/Frameworks/StoreKit.framework; sourceTree = SDKROOT; };
		E02FB9D51AA3CE0B00FAD390 /* SystemConfiguration.framework */ = {isa = PBXFileReference; lastKnownFileType = wrapper.framework; name = SystemConfiguration.framework; path = System/Library/Frameworks/SystemConfiguration.framework; sourceTree = SDKROOT; };
		E02FB9D71AA3CE1000FAD390 /* UIKit.framework */ = {isa = PBXFileReference; lastKnownFileType = wrapper.framework; name = UIKit.framework; path = System/Library/Frameworks/UIKit.framework; sourceTree = SDKROOT; };
		E02FB9DD1AA3DF3F00FAD390 /* Popup@2x.png */ = {isa = PBXFileReference; lastKnownFileType = image.png; name = "Popup@2x.png"; path = "../../../Popup@2x.png"; sourceTree = "<group>"; };
		E02FB9DF1AA3E0A800FAD390 /* LoginViewController.h */ = {isa = PBXFileReference; fileEncoding = 4; lastKnownFileType = sourcecode.c.h; path = LoginViewController.h; sourceTree = "<group>"; };
		E02FB9E01AA3E0A800FAD390 /* LoginViewController.m */ = {isa = PBXFileReference; fileEncoding = 4; lastKnownFileType = sourcecode.c.objc; path = LoginViewController.m; sourceTree = "<group>"; };
		E02FB9E21AA4045500FAD390 /* InitialFetchViewController.h */ = {isa = PBXFileReference; fileEncoding = 4; lastKnownFileType = sourcecode.c.h; path = InitialFetchViewController.h; sourceTree = "<group>"; };
		E02FB9E31AA4045500FAD390 /* InitialFetchViewController.m */ = {isa = PBXFileReference; fileEncoding = 4; lastKnownFileType = sourcecode.c.objc; path = InitialFetchViewController.m; sourceTree = "<group>"; };
		E02FB9E51AA4335600FAD390 /* constants.h */ = {isa = PBXFileReference; lastKnownFileType = sourcecode.c.h; path = constants.h; sourceTree = "<group>"; };
		E02FB9E61AA4339F00FAD390 /* Batch.h */ = {isa = PBXFileReference; fileEncoding = 4; lastKnownFileType = sourcecode.c.h; path = Batch.h; sourceTree = "<group>"; };
		E02FB9E71AA4339F00FAD390 /* Batch.m */ = {isa = PBXFileReference; fileEncoding = 4; lastKnownFileType = sourcecode.c.objc; path = Batch.m; sourceTree = "<group>"; };
		E02FB9EC1AA4339F00FAD390 /* ShippingOrder.h */ = {isa = PBXFileReference; fileEncoding = 4; lastKnownFileType = sourcecode.c.h; path = ShippingOrder.h; sourceTree = "<group>"; };
		E02FB9ED1AA4339F00FAD390 /* ShippingOrder.m */ = {isa = PBXFileReference; fileEncoding = 4; lastKnownFileType = sourcecode.c.objc; path = ShippingOrder.m; sourceTree = "<group>"; };
		E02FB9EF1AA5741B00FAD390 /* Item.h */ = {isa = PBXFileReference; fileEncoding = 4; lastKnownFileType = sourcecode.c.h; path = Item.h; sourceTree = "<group>"; };
		E02FB9F01AA5741B00FAD390 /* Item.m */ = {isa = PBXFileReference; fileEncoding = 4; lastKnownFileType = sourcecode.c.objc; path = Item.m; sourceTree = "<group>"; };
		E0447C551A9290D9008AE13B /* DetailCollectionViewCell.h */ = {isa = PBXFileReference; fileEncoding = 4; lastKnownFileType = sourcecode.c.h; path = DetailCollectionViewCell.h; sourceTree = "<group>"; };
		E0447C561A9290D9008AE13B /* DetailCollectionViewCell.m */ = {isa = PBXFileReference; fileEncoding = 4; lastKnownFileType = sourcecode.c.objc; path = DetailCollectionViewCell.m; sourceTree = "<group>"; };
		E0447C5B1A93CAE4008AE13B /* AddItemFormViewController.h */ = {isa = PBXFileReference; fileEncoding = 4; lastKnownFileType = sourcecode.c.h; path = AddItemFormViewController.h; sourceTree = "<group>"; };
		E0447C5C1A93CAE4008AE13B /* AddItemFormViewController.m */ = {isa = PBXFileReference; fileEncoding = 4; lastKnownFileType = sourcecode.c.objc; path = AddItemFormViewController.m; sourceTree = "<group>"; };
		E0447C5D1A93CAE4008AE13B /* AddItemFormViewController.xib */ = {isa = PBXFileReference; fileEncoding = 4; lastKnownFileType = file.xib; path = AddItemFormViewController.xib; sourceTree = "<group>"; };
		E0447C631A93DC52008AE13B /* AddItemForm2ViewController.h */ = {isa = PBXFileReference; fileEncoding = 4; lastKnownFileType = sourcecode.c.h; path = AddItemForm2ViewController.h; sourceTree = "<group>"; };
		E0447C641A93DC52008AE13B /* AddItemForm2ViewController.m */ = {isa = PBXFileReference; fileEncoding = 4; lastKnownFileType = sourcecode.c.objc; path = AddItemForm2ViewController.m; sourceTree = "<group>"; };
		E0447C651A93DC52008AE13B /* AddItemForm2ViewController.xib */ = {isa = PBXFileReference; fileEncoding = 4; lastKnownFileType = file.xib; path = AddItemForm2ViewController.xib; sourceTree = "<group>"; };
		E0447C681A93DEBD008AE13B /* FormViewControllerPrototype.h */ = {isa = PBXFileReference; fileEncoding = 4; lastKnownFileType = sourcecode.c.h; path = FormViewControllerPrototype.h; sourceTree = "<group>"; };
		E0447C691A93DEBD008AE13B /* FormViewControllerPrototype.m */ = {isa = PBXFileReference; fileEncoding = 4; lastKnownFileType = sourcecode.c.objc; path = FormViewControllerPrototype.m; sourceTree = "<group>"; };
		E05601471AA2C65F008FD1C1 /* Add Inventory 2@2x.png */ = {isa = PBXFileReference; lastKnownFileType = image.png; path = "Add Inventory 2@2x.png"; sourceTree = "<group>"; };
		E05601481AA2C65F008FD1C1 /* Cancel BUtton@2x.png */ = {isa = PBXFileReference; lastKnownFileType = image.png; path = "Cancel BUtton@2x.png"; sourceTree = "<group>"; };
		E05601491AA2C65F008FD1C1 /* jeans icon@2x.png */ = {isa = PBXFileReference; lastKnownFileType = image.png; path = "jeans icon@2x.png"; sourceTree = "<group>"; };
		E056014A1AA2C65F008FD1C1 /* shirt icon@2x.png */ = {isa = PBXFileReference; lastKnownFileType = image.png; path = "shirt icon@2x.png"; sourceTree = "<group>"; };
		E056014B1AA2C65F008FD1C1 /* shoe icon@2x.png */ = {isa = PBXFileReference; lastKnownFileType = image.png; path = "shoe icon@2x.png"; sourceTree = "<group>"; };
		E056014C1AA2C65F008FD1C1 /* watch icon@2x.png */ = {isa = PBXFileReference; lastKnownFileType = image.png; path = "watch icon@2x.png"; sourceTree = "<group>"; };
		E074ACF21A8824C700CC037F /* Exclusive.app */ = {isa = PBXFileReference; explicitFileType = wrapper.application; includeInIndex = 0; path = Exclusive.app; sourceTree = BUILT_PRODUCTS_DIR; };
		E074ACF61A8824C700CC037F /* Info.plist */ = {isa = PBXFileReference; lastKnownFileType = text.plist.xml; path = Info.plist; sourceTree = "<group>"; };
		E074ACF71A8824C700CC037F /* main.m */ = {isa = PBXFileReference; lastKnownFileType = sourcecode.c.objc; path = main.m; sourceTree = "<group>"; };
		E074ACF91A8824C700CC037F /* AppDelegate.h */ = {isa = PBXFileReference; lastKnownFileType = sourcecode.c.h; path = AppDelegate.h; sourceTree = "<group>"; };
		E074ACFA1A8824C700CC037F /* AppDelegate.m */ = {isa = PBXFileReference; lastKnownFileType = sourcecode.c.objc; path = AppDelegate.m; sourceTree = "<group>"; };
		E074ACFD1A8824C700CC037F /* Exclusive.xcdatamodel */ = {isa = PBXFileReference; lastKnownFileType = wrapper.xcdatamodel; path = Exclusive.xcdatamodel; sourceTree = "<group>"; };
		E074ACFF1A8824C700CC037F /* MasterViewController.h */ = {isa = PBXFileReference; lastKnownFileType = sourcecode.c.h; path = MasterViewController.h; sourceTree = "<group>"; };
		E074AD001A8824C700CC037F /* MasterViewController.m */ = {isa = PBXFileReference; lastKnownFileType = sourcecode.c.objc; path = MasterViewController.m; sourceTree = "<group>"; };
		E074AD021A8824C700CC037F /* DetailViewController.h */ = {isa = PBXFileReference; lastKnownFileType = sourcecode.c.h; path = DetailViewController.h; sourceTree = "<group>"; };
		E074AD031A8824C700CC037F /* DetailViewController.m */ = {isa = PBXFileReference; lastKnownFileType = sourcecode.c.objc; path = DetailViewController.m; sourceTree = "<group>"; };
		E074AD061A8824C700CC037F /* Base */ = {isa = PBXFileReference; lastKnownFileType = file.storyboard; name = Base; path = Base.lproj/Main.storyboard; sourceTree = "<group>"; };
		E074AD081A8824C700CC037F /* Images.xcassets */ = {isa = PBXFileReference; lastKnownFileType = folder.assetcatalog; path = Images.xcassets; sourceTree = "<group>"; };
		E074AD0B1A8824C700CC037F /* Base */ = {isa = PBXFileReference; lastKnownFileType = file.xib; name = Base; path = Base.lproj/LaunchScreen.xib; sourceTree = "<group>"; };
		E074AD111A8824C700CC037F /* ExclusiveTests.xctest */ = {isa = PBXFileReference; explicitFileType = wrapper.cfbundle; includeInIndex = 0; path = ExclusiveTests.xctest; sourceTree = BUILT_PRODUCTS_DIR; };
		E074AD161A8824C700CC037F /* Info.plist */ = {isa = PBXFileReference; lastKnownFileType = text.plist.xml; path = Info.plist; sourceTree = "<group>"; };
		E074AD171A8824C700CC037F /* ExclusiveTests.m */ = {isa = PBXFileReference; lastKnownFileType = sourcecode.c.objc; path = ExclusiveTests.m; sourceTree = "<group>"; };
		E082DB881A9C0CAB00FBA8D7 /* PopSegue.h */ = {isa = PBXFileReference; fileEncoding = 4; lastKnownFileType = sourcecode.c.h; path = PopSegue.h; sourceTree = "<group>"; };
		E082DB891A9C0CAB00FBA8D7 /* PopSegue.m */ = {isa = PBXFileReference; fileEncoding = 4; lastKnownFileType = sourcecode.c.objc; path = PopSegue.m; sourceTree = "<group>"; };
		E082DB8D1A9C29F700FBA8D7 /* ShipInventoryViewController.h */ = {isa = PBXFileReference; fileEncoding = 4; lastKnownFileType = sourcecode.c.h; path = ShipInventoryViewController.h; sourceTree = "<group>"; };
		E082DB8E1A9C29F700FBA8D7 /* ShipInventoryViewController.m */ = {isa = PBXFileReference; fileEncoding = 4; lastKnownFileType = sourcecode.c.objc; path = ShipInventoryViewController.m; sourceTree = "<group>"; };
		E082DB911A9C303B00FBA8D7 /* CreateShippingOrderViewController.h */ = {isa = PBXFileReference; fileEncoding = 4; lastKnownFileType = sourcecode.c.h; path = CreateShippingOrderViewController.h; sourceTree = "<group>"; };
		E082DB921A9C303B00FBA8D7 /* CreateShippingOrderViewController.m */ = {isa = PBXFileReference; fileEncoding = 4; lastKnownFileType = sourcecode.c.objc; path = CreateShippingOrderViewController.m; sourceTree = "<group>"; };
		E082DB941A9C305700FBA8D7 /* ViewAllOrdersViewController.h */ = {isa = PBXFileReference; fileEncoding = 4; lastKnownFileType = sourcecode.c.h; path = ViewAllOrdersViewController.h; sourceTree = "<group>"; };
		E082DB951A9C305700FBA8D7 /* ViewAllOrdersViewController.m */ = {isa = PBXFileReference; fileEncoding = 4; lastKnownFileType = sourcecode.c.objc; path = ViewAllOrdersViewController.m; sourceTree = "<group>"; };
		E082DB9B1A9D1FF200FBA8D7 /* add photo button@2x.png */ = {isa = PBXFileReference; lastKnownFileType = image.png; path = "add photo button@2x.png"; sourceTree = "<group>"; };
		E082DB9C1A9D1FF200FBA8D7 /* Graph@2x.png */ = {isa = PBXFileReference; lastKnownFileType = image.png; path = "Graph@2x.png"; sourceTree = "<group>"; };
		E082DBA51A9D96FF00FBA8D7 /* Black button bar@2x.png */ = {isa = PBXFileReference; lastKnownFileType = image.png; path = "Black button bar@2x.png"; sourceTree = "<group>"; };
		E082DBA61A9D96FF00FBA8D7 /* Item Image@2x.png */ = {isa = PBXFileReference; lastKnownFileType = image.png; path = "Item Image@2x.png"; sourceTree = "<group>"; };
		E082DBA71A9D96FF00FBA8D7 /* Label Container@2x.png */ = {isa = PBXFileReference; lastKnownFileType = image.png; path = "Label Container@2x.png"; sourceTree = "<group>"; };
		E082DBA81A9D96FF00FBA8D7 /* UICollectionViewCell Container@2x.png */ = {isa = PBXFileReference; lastKnownFileType = image.png; path = "UICollectionViewCell Container@2x.png"; sourceTree = "<group>"; };
		E082DBAD1A9D98A400FBA8D7 /* Item Image Big@2x.png */ = {isa = PBXFileReference; lastKnownFileType = image.png; path = "Item Image Big@2x.png"; sourceTree = "<group>"; };
		E082DBB01A9E966800FBA8D7 /* Add Inventory@2x.png */ = {isa = PBXFileReference; lastKnownFileType = image.png; path = "Add Inventory@2x.png"; sourceTree = "<group>"; };
		E082DBB11A9E966800FBA8D7 /* logo@2x.png */ = {isa = PBXFileReference; lastKnownFileType = image.png; path = "logo@2x.png"; sourceTree = "<group>"; };
		E082DBB21A9E966800FBA8D7 /* Sell Inventory.png */ = {isa = PBXFileReference; lastKnownFileType = image.png; path = "Sell Inventory.png"; sourceTree = "<group>"; };
		E082DBB31A9E966800FBA8D7 /* Ship Inventory@2x.png */ = {isa = PBXFileReference; lastKnownFileType = image.png; path = "Ship Inventory@2x.png"; sourceTree = "<group>"; };
		E082DBBA1A9EBC2300FBA8D7 /* exclusive@2x.png */ = {isa = PBXFileReference; lastKnownFileType = image.png; path = "exclusive@2x.png"; sourceTree = "<group>"; };
		E082DBBC1A9EC06D00FBA8D7 /* selectedButton@2x.png */ = {isa = PBXFileReference; lastKnownFileType = image.png; path = "selectedButton@2x.png"; sourceTree = "<group>"; };
		E082DBC01A9FE7D300FBA8D7 /* Logo Black@2x.png */ = {isa = PBXFileReference; lastKnownFileType = image.png; path = "Logo Black@2x.png"; sourceTree = "<group>"; };
		E082DBC41AA0308600FBA8D7 /* ModelController.h */ = {isa = PBXFileReference; fileEncoding = 4; lastKnownFileType = sourcecode.c.h; path = ModelController.h; sourceTree = "<group>"; };
		E082DBC51AA0308600FBA8D7 /* ModelController.m */ = {isa = PBXFileReference; fileEncoding = 4; lastKnownFileType = sourcecode.c.objc; path = ModelController.m; sourceTree = "<group>"; };
		E082DBC81AA17A2800FBA8D7 /* AcknowledgeOrderViewController.h */ = {isa = PBXFileReference; fileEncoding = 4; lastKnownFileType = sourcecode.c.h; path = AcknowledgeOrderViewController.h; sourceTree = "<group>"; };
		E082DBC91AA17A2800FBA8D7 /* AcknowledgeOrderViewController.m */ = {isa = PBXFileReference; fileEncoding = 4; lastKnownFileType = sourcecode.c.objc; path = AcknowledgeOrderViewController.m; sourceTree = "<group>"; };
		E082DBCD1AA28C1B00FBA8D7 /* logo white@2x.png */ = {isa = PBXFileReference; lastKnownFileType = image.png; name = "logo white@2x.png"; path = "../logo white@2x.png"; sourceTree = "<group>"; };
		E082DBCF1AA296F000FBA8D7 /* AwaitingConfirmationCollectionViewCell.h */ = {isa = PBXFileReference; fileEncoding = 4; lastKnownFileType = sourcecode.c.h; path = AwaitingConfirmationCollectionViewCell.h; sourceTree = "<group>"; };
		E082DBD01AA296F000FBA8D7 /* AwaitingConfirmationCollectionViewCell.m */ = {isa = PBXFileReference; fileEncoding = 4; lastKnownFileType = sourcecode.c.objc; path = AwaitingConfirmationCollectionViewCell.m; sourceTree = "<group>"; };
		E082DBD31AA2A77F00FBA8D7 /* BatchDetailTableViewCell.h */ = {isa = PBXFileReference; fileEncoding = 4; lastKnownFileType = sourcecode.c.h; path = BatchDetailTableViewCell.h; sourceTree = "<group>"; };
		E082DBD41AA2A77F00FBA8D7 /* BatchDetailTableViewCell.m */ = {isa = PBXFileReference; fileEncoding = 4; lastKnownFileType = sourcecode.c.objc; path = BatchDetailTableViewCell.m; sourceTree = "<group>"; };
		E082DBD61AA2A7B300FBA8D7 /* ShippingOrderTableViewCell.h */ = {isa = PBXFileReference; fileEncoding = 4; lastKnownFileType = sourcecode.c.h; path = ShippingOrderTableViewCell.h; sourceTree = "<group>"; };
		E082DBD71AA2A7B300FBA8D7 /* ShippingOrderTableViewCell.m */ = {isa = PBXFileReference; fileEncoding = 4; lastKnownFileType = sourcecode.c.objc; path = ShippingOrderTableViewCell.m; sourceTree = "<group>"; };
		E9CAA9F11A945A4C00DBCC87 /* Checked Active.png */ = {isa = PBXFileReference; lastKnownFileType = image.png; path = "Checked Active.png"; sourceTree = "<group>"; };
		E9CAA9F21A945A4C00DBCC87 /* Checked Inactive.png */ = {isa = PBXFileReference; lastKnownFileType = image.png; path = "Checked Inactive.png"; sourceTree = "<group>"; };
/* End PBXFileReference section */

/* Begin PBXFrameworksBuildPhase section */
		E074ACEF1A8824C700CC037F /* Frameworks */ = {
			isa = PBXFrameworksBuildPhase;
			buildActionMask = 2147483647;
			files = (
				E02FB9D81AA3CE1000FAD390 /* UIKit.framework in Frameworks */,
				E02FB9D61AA3CE0B00FAD390 /* SystemConfiguration.framework in Frameworks */,
				E02FB9D41AA3CE0200FAD390 /* StoreKit.framework in Frameworks */,
				E02FB9D21AA3CDFD00FAD390 /* Social.framework in Frameworks */,
				E02FB9D01AA3CDF500FAD390 /* Security.framework in Frameworks */,
				E02FB9CE1AA3CDEE00FAD390 /* QuartzCore.framework in Frameworks */,
				E02FB9CC1AA3CDE500FAD390 /* MobileCoreServices.framework in Frameworks */,
				E02FB9CA1AA3CDDE00FAD390 /* libz.1.1.3.dylib in Frameworks */,
				E02FB9C81AA3CDD500FAD390 /* libsqlite3.dylib in Frameworks */,
				E02FB9C61AA3CDC200FAD390 /* CoreLocation.framework in Frameworks */,
				E02FB9C41AA3CDBB00FAD390 /* CoreGraphics.framework in Frameworks */,
				E02FB9C21AA3CDB100FAD390 /* CFNetwork.framework in Frameworks */,
				E02FB9C01AA3CDA900FAD390 /* AdSupport.framework in Frameworks */,
				E02FB9BE1AA3CDA200FAD390 /* Accounts.framework in Frameworks */,
				E02FB9BC1AA3CD9C00FAD390 /* AudioToolbox.framework in Frameworks */,
				E02FB9B71AA3B78E00FAD390 /* Parse.framework in Frameworks */,
				E02FB9B81AA3B78E00FAD390 /* ParseCrashReporting.framework in Frameworks */,
				E02FB9BA1AA3B78E00FAD390 /* ParseUI.framework in Frameworks */,
				E02FB9B91AA3B78E00FAD390 /* ParseFacebookUtils.framework in Frameworks */,
				E02FB9B61AA3B78E00FAD390 /* Bolts.framework in Frameworks */,
			);
			runOnlyForDeploymentPostprocessing = 0;
		};
		E074AD0E1A8824C700CC037F /* Frameworks */ = {
			isa = PBXFrameworksBuildPhase;
			buildActionMask = 2147483647;
			files = (
			);
			runOnlyForDeploymentPostprocessing = 0;
		};
/* End PBXFrameworksBuildPhase section */

/* Begin PBXGroup section */
		E01BC0181A8B19AD00D1568A /* Assets */ = {
			isa = PBXGroup;
			children = (
				E02FB9DA1AA3DE8700FAD390 /* Login */,
				E082DBCD1AA28C1B00FBA8D7 /* logo white@2x.png */,
				E05601461AA2C64B008FD1C1 /* AcknowledgeOrder */,
				E082DBAF1A9E965200FBA8D7 /* Main Menu */,
				E082DB9A1A9D1FD700FBA8D7 /* ShippingViewControllers */,
				E082DBA41A9D96B400FBA8D7 /* Old Assets */,
			);
			name = Assets;
			sourceTree = "<group>";
		};
		E02FB9B01AA3B78E00FAD390 /* parse-library-1 */ = {
			isa = PBXGroup;
			children = (
				E02FB9B11AA3B78E00FAD390 /* Bolts.framework */,
				E02FB9B21AA3B78E00FAD390 /* Parse.framework */,
				E02FB9B31AA3B78E00FAD390 /* ParseCrashReporting.framework */,
				E02FB9B41AA3B78E00FAD390 /* ParseFacebookUtils.framework */,
				E02FB9B51AA3B78E00FAD390 /* ParseUI.framework */,
			);
			path = "parse-library-1";
			sourceTree = "<group>";
		};
		E02FB9D91AA3CE5300FAD390 /* Frameworks */ = {
			isa = PBXGroup;
			children = (
				E02FB9B01AA3B78E00FAD390 /* parse-library-1 */,
				E02FB9D71AA3CE1000FAD390 /* UIKit.framework */,
				E02FB9D51AA3CE0B00FAD390 /* SystemConfiguration.framework */,
				E02FB9D31AA3CE0200FAD390 /* StoreKit.framework */,
				E02FB9D11AA3CDFD00FAD390 /* Social.framework */,
				E02FB9CF1AA3CDF500FAD390 /* Security.framework */,
				E02FB9CD1AA3CDEE00FAD390 /* QuartzCore.framework */,
				E02FB9CB1AA3CDE500FAD390 /* MobileCoreServices.framework */,
				E02FB9C91AA3CDDE00FAD390 /* libz.1.1.3.dylib */,
				E02FB9C71AA3CDD500FAD390 /* libsqlite3.dylib */,
				E02FB9C51AA3CDC200FAD390 /* CoreLocation.framework */,
				E02FB9C31AA3CDBB00FAD390 /* CoreGraphics.framework */,
				E02FB9C11AA3CDB100FAD390 /* CFNetwork.framework */,
				E02FB9BF1AA3CDA900FAD390 /* AdSupport.framework */,
				E02FB9BD1AA3CDA200FAD390 /* Accounts.framework */,
				E02FB9BB1AA3CD9C00FAD390 /* AudioToolbox.framework */,
			);
			name = Frameworks;
			sourceTree = "<group>";
		};
		E02FB9DA1AA3DE8700FAD390 /* Login */ = {
			isa = PBXGroup;
			children = (
				E02FB9DD1AA3DF3F00FAD390 /* Popup@2x.png */,
			);
			name = Login;
			sourceTree = "<group>";
		};
		E0447C541A9290BB008AE13B /* UICollectionViewCells */ = {
			isa = PBXGroup;
			children = (
				E0447C551A9290D9008AE13B /* DetailCollectionViewCell.h */,
				E0447C561A9290D9008AE13B /* DetailCollectionViewCell.m */,
				E082DBCF1AA296F000FBA8D7 /* AwaitingConfirmationCollectionViewCell.h */,
				E082DBD01AA296F000FBA8D7 /* AwaitingConfirmationCollectionViewCell.m */,
			);
			name = UICollectionViewCells;
			sourceTree = "<group>";
		};
		E0447C5A1A93CA94008AE13B /* AddItemViewControllers */ = {
			isa = PBXGroup;
			children = (
				E0447C5B1A93CAE4008AE13B /* AddItemFormViewController.h */,
				E0447C5C1A93CAE4008AE13B /* AddItemFormViewController.m */,
				E0447C631A93DC52008AE13B /* AddItemForm2ViewController.h */,
				E0447C641A93DC52008AE13B /* AddItemForm2ViewController.m */,
				E0447C6C1A93E3FA008AE13B /* PROTOTYPE */,
				E0447C6B1A93E3EB008AE13B /* NIBS */,
			);
			name = AddItemViewControllers;
			sourceTree = "<group>";
		};
		E0447C6B1A93E3EB008AE13B /* NIBS */ = {
			isa = PBXGroup;
			children = (
				E0447C5D1A93CAE4008AE13B /* AddItemFormViewController.xib */,
				E0447C651A93DC52008AE13B /* AddItemForm2ViewController.xib */,
			);
			name = NIBS;
			sourceTree = "<group>";
		};
		E0447C6C1A93E3FA008AE13B /* PROTOTYPE */ = {
			isa = PBXGroup;
			children = (
				E0447C681A93DEBD008AE13B /* FormViewControllerPrototype.h */,
				E0447C691A93DEBD008AE13B /* FormViewControllerPrototype.m */,
			);
			name = PROTOTYPE;
			sourceTree = "<group>";
		};
		E05601451AA2B29E008FD1C1 /* Menu */ = {
			isa = PBXGroup;
			children = (
				E02FB9E21AA4045500FAD390 /* InitialFetchViewController.h */,
				E02FB9E31AA4045500FAD390 /* InitialFetchViewController.m */,
				E01BC0051A8B156400D1568A /* InventoryMenuViewController.h */,
				E01BC0061A8B156400D1568A /* InventoryMenuViewController.m */,
				E02FB9DF1AA3E0A800FAD390 /* LoginViewController.h */,
				E02FB9E01AA3E0A800FAD390 /* LoginViewController.m */,
			);
			name = Menu;
			sourceTree = "<group>";
		};
		E05601461AA2C64B008FD1C1 /* AcknowledgeOrder */ = {
			isa = PBXGroup;
			children = (
				E05601471AA2C65F008FD1C1 /* Add Inventory 2@2x.png */,
				E05601481AA2C65F008FD1C1 /* Cancel BUtton@2x.png */,
				E05601491AA2C65F008FD1C1 /* jeans icon@2x.png */,
				E056014A1AA2C65F008FD1C1 /* shirt icon@2x.png */,
				E056014B1AA2C65F008FD1C1 /* shoe icon@2x.png */,
				E056014C1AA2C65F008FD1C1 /* watch icon@2x.png */,
			);
			name = AcknowledgeOrder;
			sourceTree = "<group>";
		};
		E074ACE91A8824C700CC037F = {
			isa = PBXGroup;
			children = (
				E02FB9D91AA3CE5300FAD390 /* Frameworks */,
				E074ACF41A8824C700CC037F /* Exclusive */,
				E074AD141A8824C700CC037F /* ExclusiveTests */,
				E074ACF31A8824C700CC037F /* Products */,
			);
			sourceTree = "<group>";
		};
		E074ACF31A8824C700CC037F /* Products */ = {
			isa = PBXGroup;
			children = (
				E074ACF21A8824C700CC037F /* Exclusive.app */,
				E074AD111A8824C700CC037F /* ExclusiveTests.xctest */,
			);
			name = Products;
			sourceTree = "<group>";
		};
		E074ACF41A8824C700CC037F /* Exclusive */ = {
			isa = PBXGroup;
			children = (
				E074AD891A8858DB00CC037F /* App Delegate */,
				E074AD881A8858BC00CC037F /* Model */,
				E074AD8A1A8858E800CC037F /* View Controllers */,
				E074AD8B1A88590700CC037F /* User Interface */,
				E074ACF51A8824C700CC037F /* Supporting Files */,
			);
			path = Exclusive;
			sourceTree = "<group>";
		};
		E074ACF51A8824C700CC037F /* Supporting Files */ = {
			isa = PBXGroup;
			children = (
				E074AD0A1A8824C700CC037F /* LaunchScreen.xib */,
				E074AD081A8824C700CC037F /* Images.xcassets */,
				E074ACF61A8824C700CC037F /* Info.plist */,
				E074ACF71A8824C700CC037F /* main.m */,
			);
			name = "Supporting Files";
			sourceTree = "<group>";
		};
		E074AD141A8824C700CC037F /* ExclusiveTests */ = {
			isa = PBXGroup;
			children = (
				E074AD171A8824C700CC037F /* ExclusiveTests.m */,
				E074AD151A8824C700CC037F /* Supporting Files */,
			);
			path = ExclusiveTests;
			sourceTree = "<group>";
		};
		E074AD151A8824C700CC037F /* Supporting Files */ = {
			isa = PBXGroup;
			children = (
				E074AD161A8824C700CC037F /* Info.plist */,
			);
			name = "Supporting Files";
			sourceTree = "<group>";
		};
		E074AD881A8858BC00CC037F /* Model */ = {
			isa = PBXGroup;
			children = (
				E074ACFC1A8824C700CC037F /* Exclusive.xcdatamodeld */,
				E082DBC71AA12DBA00FBA8D7 /* ManagedObjects */,
				E082DBC41AA0308600FBA8D7 /* ModelController.h */,
				E082DBC51AA0308600FBA8D7 /* ModelController.m */,
			);
			name = Model;
			sourceTree = "<group>";
		};
		E074AD891A8858DB00CC037F /* App Delegate */ = {
			isa = PBXGroup;
			children = (
				E074ACF91A8824C700CC037F /* AppDelegate.h */,
				E074ACFA1A8824C700CC037F /* AppDelegate.m */,
			);
			name = "App Delegate";
			sourceTree = "<group>";
		};
		E074AD8A1A8858E800CC037F /* View Controllers */ = {
			isa = PBXGroup;
			children = (
				E082DB8C1A9C296A00FBA8D7 /* Ship Inventory */,
				E082DB8B1A9C294B00FBA8D7 /* Add Inventory */,
				E05601451AA2B29E008FD1C1 /* Menu */,
			);
			name = "View Controllers";
			sourceTree = "<group>";
		};
		E074AD8B1A88590700CC037F /* User Interface */ = {
			isa = PBXGroup;
			children = (
				E082DBC01A9FE7D300FBA8D7 /* Logo Black@2x.png */,
				E082DB901A9C2A1C00FBA8D7 /* Custom Segues */,
				E082DBD21AA2A74F00FBA8D7 /* UITableViewCells */,
				E0447C541A9290BB008AE13B /* UICollectionViewCells */,
				E01BC0181A8B19AD00D1568A /* Assets */,
				E074AD051A8824C700CC037F /* Main.storyboard */,
			);
			name = "User Interface";
			sourceTree = "<group>";
		};
		E082DB8B1A9C294B00FBA8D7 /* Add Inventory */ = {
			isa = PBXGroup;
			children = (
				E074ACFF1A8824C700CC037F /* MasterViewController.h */,
				E074AD001A8824C700CC037F /* MasterViewController.m */,
				E074AD021A8824C700CC037F /* DetailViewController.h */,
				E074AD031A8824C700CC037F /* DetailViewController.m */,
				E01BBFD21A89D57A00D1568A /* AddItemViewController.h */,
				E01BBFD31A89D57A00D1568A /* AddItemViewController.m */,
				E0447C5A1A93CA94008AE13B /* AddItemViewControllers */,
			);
			name = "Add Inventory";
			sourceTree = "<group>";
		};
		E082DB8C1A9C296A00FBA8D7 /* Ship Inventory */ = {
			isa = PBXGroup;
			children = (
				E082DB8D1A9C29F700FBA8D7 /* ShipInventoryViewController.h */,
				E082DB8E1A9C29F700FBA8D7 /* ShipInventoryViewController.m */,
				E082DB911A9C303B00FBA8D7 /* CreateShippingOrderViewController.h */,
				E082DB921A9C303B00FBA8D7 /* CreateShippingOrderViewController.m */,
				E082DB941A9C305700FBA8D7 /* ViewAllOrdersViewController.h */,
				E082DB951A9C305700FBA8D7 /* ViewAllOrdersViewController.m */,
				E082DBC81AA17A2800FBA8D7 /* AcknowledgeOrderViewController.h */,
				E082DBC91AA17A2800FBA8D7 /* AcknowledgeOrderViewController.m */,
			);
			name = "Ship Inventory";
			sourceTree = "<group>";
		};
		E082DB901A9C2A1C00FBA8D7 /* Custom Segues */ = {
			isa = PBXGroup;
			children = (
				E082DB891A9C0CAB00FBA8D7 /* PopSegue.m */,
				E082DB881A9C0CAB00FBA8D7 /* PopSegue.h */,
			);
			name = "Custom Segues";
			sourceTree = "<group>";
		};
		E082DB9A1A9D1FD700FBA8D7 /* ShippingViewControllers */ = {
			isa = PBXGroup;
			children = (
				E082DBAD1A9D98A400FBA8D7 /* Item Image Big@2x.png */,
				E082DBA51A9D96FF00FBA8D7 /* Black button bar@2x.png */,
				E082DBA61A9D96FF00FBA8D7 /* Item Image@2x.png */,
				E082DBA71A9D96FF00FBA8D7 /* Label Container@2x.png */,
				E082DBA81A9D96FF00FBA8D7 /* UICollectionViewCell Container@2x.png */,
				E082DB9B1A9D1FF200FBA8D7 /* add photo button@2x.png */,
				E082DB9C1A9D1FF200FBA8D7 /* Graph@2x.png */,
			);
			name = ShippingViewControllers;
			sourceTree = "<group>";
		};
		E082DBA41A9D96B400FBA8D7 /* Old Assets */ = {
			isa = PBXGroup;
			children = (
				E9CAA9F21A945A4C00DBCC87 /* Checked Inactive.png */,
				E01BC0081A8B19A300D1568A /* BG 2@2x.png */,
				E01BC0091A8B19A300D1568A /* BG@2x.png */,
				E01BC00A1A8B19A300D1568A /* Category@2x.png */,
				E01BC00B1A8B19A300D1568A /* Hero@2x.png */,
				E01BC00C1A8B19A300D1568A /* Menu@2x.png */,
				E01BC00D1A8B19A300D1568A /* Search@2x.png */,
				E01BC00E1A8B19A300D1568A /* T-Shirts@2x.png */,
				E01BC00F1A8B19A300D1568A /* Winter@2x.png */,
				E9CAA9F11A945A4C00DBCC87 /* Checked Active.png */,
			);
			name = "Old Assets";
			sourceTree = "<group>";
		};
		E082DBAF1A9E965200FBA8D7 /* Main Menu */ = {
			isa = PBXGroup;
			children = (
				E082DBBC1A9EC06D00FBA8D7 /* selectedButton@2x.png */,
				E082DBBA1A9EBC2300FBA8D7 /* exclusive@2x.png */,
				E082DBB01A9E966800FBA8D7 /* Add Inventory@2x.png */,
				E082DBB11A9E966800FBA8D7 /* logo@2x.png */,
				E082DBB21A9E966800FBA8D7 /* Sell Inventory.png */,
				E082DBB31A9E966800FBA8D7 /* Ship Inventory@2x.png */,
			);
			name = "Main Menu";
			sourceTree = "<group>";
		};
		E082DBC71AA12DBA00FBA8D7 /* ManagedObjects */ = {
			isa = PBXGroup;
			children = (
				E02FB9EF1AA5741B00FAD390 /* Item.h */,
				E02FB9F01AA5741B00FAD390 /* Item.m */,
				E02FB9EC1AA4339F00FAD390 /* ShippingOrder.h */,
				E02FB9ED1AA4339F00FAD390 /* ShippingOrder.m */,
				E02FB9E61AA4339F00FAD390 /* Batch.h */,
				E02FB9E71AA4339F00FAD390 /* Batch.m */,
				E02FB9E51AA4335600FAD390 /* constants.h */,
			);
			name = ManagedObjects;
			sourceTree = "<group>";
		};
		E082DBD21AA2A74F00FBA8D7 /* UITableViewCells */ = {
			isa = PBXGroup;
			children = (
				E082DBD31AA2A77F00FBA8D7 /* BatchDetailTableViewCell.h */,
				E082DBD41AA2A77F00FBA8D7 /* BatchDetailTableViewCell.m */,
				E082DBD61AA2A7B300FBA8D7 /* ShippingOrderTableViewCell.h */,
				E082DBD71AA2A7B300FBA8D7 /* ShippingOrderTableViewCell.m */,
			);
			name = UITableViewCells;
			sourceTree = "<group>";
		};
/* End PBXGroup section */

/* Begin PBXNativeTarget section */
		E074ACF11A8824C700CC037F /* Exclusive */ = {
			isa = PBXNativeTarget;
			buildConfigurationList = E074AD1B1A8824C700CC037F /* Build configuration list for PBXNativeTarget "Exclusive" */;
			buildPhases = (
				E074ACEE1A8824C700CC037F /* Sources */,
				E074ACEF1A8824C700CC037F /* Frameworks */,
				E074ACF01A8824C700CC037F /* Resources */,
			);
			buildRules = (
			);
			dependencies = (
			);
			name = Exclusive;
			productName = Exclusive;
			productReference = E074ACF21A8824C700CC037F /* Exclusive.app */;
			productType = "com.apple.product-type.application";
		};
		E074AD101A8824C700CC037F /* ExclusiveTests */ = {
			isa = PBXNativeTarget;
			buildConfigurationList = E074AD1E1A8824C700CC037F /* Build configuration list for PBXNativeTarget "ExclusiveTests" */;
			buildPhases = (
				E074AD0D1A8824C700CC037F /* Sources */,
				E074AD0E1A8824C700CC037F /* Frameworks */,
				E074AD0F1A8824C700CC037F /* Resources */,
			);
			buildRules = (
			);
			dependencies = (
				E074AD131A8824C700CC037F /* PBXTargetDependency */,
			);
			name = ExclusiveTests;
			productName = ExclusiveTests;
			productReference = E074AD111A8824C700CC037F /* ExclusiveTests.xctest */;
			productType = "com.apple.product-type.bundle.unit-test";
		};
/* End PBXNativeTarget section */

/* Begin PBXProject section */
		E074ACEA1A8824C700CC037F /* Project object */ = {
			isa = PBXProject;
			attributes = {
				LastUpgradeCheck = 0610;
				ORGANIZATIONNAME = "Ruben Flores";
				TargetAttributes = {
					E074ACF11A8824C700CC037F = {
						CreatedOnToolsVersion = 6.1.1;
						DevelopmentTeam = Q69A544BPS;
					};
					E074AD101A8824C700CC037F = {
						CreatedOnToolsVersion = 6.1.1;
						TestTargetID = E074ACF11A8824C700CC037F;
					};
				};
			};
			buildConfigurationList = E074ACED1A8824C700CC037F /* Build configuration list for PBXProject "Exclusive" */;
			compatibilityVersion = "Xcode 3.2";
			developmentRegion = English;
			hasScannedForEncodings = 0;
			knownRegions = (
				en,
				Base,
			);
			mainGroup = E074ACE91A8824C700CC037F;
			productRefGroup = E074ACF31A8824C700CC037F /* Products */;
			projectDirPath = "";
			projectRoot = "";
			targets = (
				E074ACF11A8824C700CC037F /* Exclusive */,
				E074AD101A8824C700CC037F /* ExclusiveTests */,
			);
		};
/* End PBXProject section */

/* Begin PBXResourcesBuildPhase section */
		E074ACF01A8824C700CC037F /* Resources */ = {
			isa = PBXResourcesBuildPhase;
			buildActionMask = 2147483647;
			files = (
				E082DBAE1A9D98A400FBA8D7 /* Item Image Big@2x.png in Resources */,
				E082DBB51A9E966800FBA8D7 /* logo@2x.png in Resources */,
				E074AD071A8824C700CC037F /* Main.storyboard in Resources */,
				E9CAA9F41A945A4C00DBCC87 /* Checked Inactive.png in Resources */,
				E082DBA91A9D96FF00FBA8D7 /* Black button bar@2x.png in Resources */,
				E082DBBB1A9EBC2300FBA8D7 /* exclusive@2x.png in Resources */,
				E01BC0161A8B19A300D1568A /* T-Shirts@2x.png in Resources */,
				E056014F1AA2C65F008FD1C1 /* jeans icon@2x.png in Resources */,
				E082DBC11A9FE7D300FBA8D7 /* Logo Black@2x.png in Resources */,
				E056014D1AA2C65F008FD1C1 /* Add Inventory 2@2x.png in Resources */,
				E082DBCE1AA28C1B00FBA8D7 /* logo white@2x.png in Resources */,
				E9CAA9F31A945A4C00DBCC87 /* Checked Active.png in Resources */,
				E0447C671A93DC52008AE13B /* AddItemForm2ViewController.xib in Resources */,
				E01BC0121A8B19A300D1568A /* Category@2x.png in Resources */,
				E05601511AA2C65F008FD1C1 /* shoe icon@2x.png in Resources */,
				E01BC0141A8B19A300D1568A /* Menu@2x.png in Resources */,
				E01BC0151A8B19A300D1568A /* Search@2x.png in Resources */,
				E01BC0101A8B19A300D1568A /* BG 2@2x.png in Resources */,
				E05601521AA2C65F008FD1C1 /* watch icon@2x.png in Resources */,
				E0447C5F1A93CAE4008AE13B /* AddItemFormViewController.xib in Resources */,
				E074AD0C1A8824C700CC037F /* LaunchScreen.xib in Resources */,
				E082DBAC1A9D96FF00FBA8D7 /* UICollectionViewCell Container@2x.png in Resources */,
				E056014E1AA2C65F008FD1C1 /* Cancel BUtton@2x.png in Resources */,
				E01BC0131A8B19A300D1568A /* Hero@2x.png in Resources */,
				E082DBAA1A9D96FF00FBA8D7 /* Item Image@2x.png in Resources */,
				E074AD091A8824C700CC037F /* Images.xcassets in Resources */,
				E082DBB71A9E966800FBA8D7 /* Ship Inventory@2x.png in Resources */,
				E082DBB41A9E966800FBA8D7 /* Add Inventory@2x.png in Resources */,
				E082DB9F1A9D1FF200FBA8D7 /* Graph@2x.png in Resources */,
				E082DB9E1A9D1FF200FBA8D7 /* add photo button@2x.png in Resources */,
				E082DBBD1A9EC06D00FBA8D7 /* selectedButton@2x.png in Resources */,
				E01BC0111A8B19A300D1568A /* BG@2x.png in Resources */,
				E082DBAB1A9D96FF00FBA8D7 /* Label Container@2x.png in Resources */,
				E01BC0171A8B19A300D1568A /* Winter@2x.png in Resources */,
				E02FB9DE1AA3DF3F00FAD390 /* Popup@2x.png in Resources */,
				E082DBB61A9E966800FBA8D7 /* Sell Inventory.png in Resources */,
				E05601501AA2C65F008FD1C1 /* shirt icon@2x.png in Resources */,
			);
			runOnlyForDeploymentPostprocessing = 0;
		};
		E074AD0F1A8824C700CC037F /* Resources */ = {
			isa = PBXResourcesBuildPhase;
			buildActionMask = 2147483647;
			files = (
			);
			runOnlyForDeploymentPostprocessing = 0;
		};
/* End PBXResourcesBuildPhase section */

/* Begin PBXSourcesBuildPhase section */
		E074ACEE1A8824C700CC037F /* Sources */ = {
			isa = PBXSourcesBuildPhase;
			buildActionMask = 2147483647;
			files = (
				E0447C661A93DC52008AE13B /* AddItemForm2ViewController.m in Sources */,
				E0447C6A1A93DEBD008AE13B /* FormViewControllerPrototype.m in Sources */,
				E082DB961A9C305700FBA8D7 /* ViewAllOrdersViewController.m in Sources */,
				E082DBCA1AA17A2800FBA8D7 /* AcknowledgeOrderViewController.m in Sources */,
				E02FB9E41AA4045500FAD390 /* InitialFetchViewController.m in Sources */,
				E02FB9F11AA5741B00FAD390 /* Item.m in Sources */,
				E01BBFD51A89D57A00D1568A /* AddItemViewController.m in Sources */,
				E082DBC61AA0308600FBA8D7 /* ModelController.m in Sources */,
				E02FB9E11AA3E0A800FAD390 /* LoginViewController.m in Sources */,
				E02FB9E81AA4339F00FAD390 /* Batch.m in Sources */,
				E082DB8A1A9C0CAB00FBA8D7 /* PopSegue.m in Sources */,
				E074AD041A8824C700CC037F /* DetailViewController.m in Sources */,
				E082DBD11AA296F000FBA8D7 /* AwaitingConfirmationCollectionViewCell.m in Sources */,
				E082DB931A9C303B00FBA8D7 /* CreateShippingOrderViewController.m in Sources */,
				E01BC0071A8B156400D1568A /* InventoryMenuViewController.m in Sources */,
				E082DBD81AA2A7B300FBA8D7 /* ShippingOrderTableViewCell.m in Sources */,
				E0447C5E1A93CAE4008AE13B /* AddItemFormViewController.m in Sources */,
				E082DBD51AA2A77F00FBA8D7 /* BatchDetailTableViewCell.m in Sources */,
				E082DB8F1A9C29F700FBA8D7 /* ShipInventoryViewController.m in Sources */,
				E074AD011A8824C700CC037F /* MasterViewController.m in Sources */,
				E02FB9EE1AA4339F00FAD390 /* ShippingOrder.m in Sources */,
				E074ACFE1A8824C700CC037F /* Exclusive.xcdatamodeld in Sources */,
				E074ACFB1A8824C700CC037F /* AppDelegate.m in Sources */,
				E074ACF81A8824C700CC037F /* main.m in Sources */,
				E0447C581A9290D9008AE13B /* DetailCollectionViewCell.m in Sources */,
			);
			runOnlyForDeploymentPostprocessing = 0;
		};
		E074AD0D1A8824C700CC037F /* Sources */ = {
			isa = PBXSourcesBuildPhase;
			buildActionMask = 2147483647;
			files = (
				E074AD181A8824C700CC037F /* ExclusiveTests.m in Sources */,
			);
			runOnlyForDeploymentPostprocessing = 0;
		};
/* End PBXSourcesBuildPhase section */

/* Begin PBXTargetDependency section */
		E074AD131A8824C700CC037F /* PBXTargetDependency */ = {
			isa = PBXTargetDependency;
			target = E074ACF11A8824C700CC037F /* Exclusive */;
			targetProxy = E074AD121A8824C700CC037F /* PBXContainerItemProxy */;
		};
/* End PBXTargetDependency section */

/* Begin PBXVariantGroup section */
		E074AD051A8824C700CC037F /* Main.storyboard */ = {
			isa = PBXVariantGroup;
			children = (
				E074AD061A8824C700CC037F /* Base */,
			);
			name = Main.storyboard;
			sourceTree = "<group>";
		};
		E074AD0A1A8824C700CC037F /* LaunchScreen.xib */ = {
			isa = PBXVariantGroup;
			children = (
				E074AD0B1A8824C700CC037F /* Base */,
			);
			name = LaunchScreen.xib;
			sourceTree = "<group>";
		};
/* End PBXVariantGroup section */

/* Begin XCBuildConfiguration section */
		E074AD191A8824C700CC037F /* Debug */ = {
			isa = XCBuildConfiguration;
			buildSettings = {
				ALWAYS_SEARCH_USER_PATHS = NO;
				CLANG_CXX_LANGUAGE_STANDARD = "gnu++0x";
				CLANG_CXX_LIBRARY = "libc++";
				CLANG_ENABLE_MODULES = YES;
				CLANG_ENABLE_OBJC_ARC = YES;
				CLANG_WARN_BOOL_CONVERSION = YES;
				CLANG_WARN_CONSTANT_CONVERSION = YES;
				CLANG_WARN_DIRECT_OBJC_ISA_USAGE = YES_ERROR;
				CLANG_WARN_EMPTY_BODY = YES;
				CLANG_WARN_ENUM_CONVERSION = YES;
				CLANG_WARN_INT_CONVERSION = YES;
				CLANG_WARN_OBJC_ROOT_CLASS = YES_ERROR;
				CLANG_WARN_UNREACHABLE_CODE = YES;
				CLANG_WARN__DUPLICATE_METHOD_MATCH = YES;
				"CODE_SIGN_IDENTITY[sdk=iphoneos*]" = "iPhone Developer";
				COPY_PHASE_STRIP = NO;
				ENABLE_STRICT_OBJC_MSGSEND = YES;
				GCC_C_LANGUAGE_STANDARD = gnu99;
				GCC_DYNAMIC_NO_PIC = NO;
				GCC_OPTIMIZATION_LEVEL = 0;
				GCC_PREPROCESSOR_DEFINITIONS = (
					"DEBUG=1",
					"$(inherited)",
				);
				GCC_SYMBOLS_PRIVATE_EXTERN = NO;
				GCC_WARN_64_TO_32_BIT_CONVERSION = YES;
				GCC_WARN_ABOUT_RETURN_TYPE = YES_ERROR;
				GCC_WARN_UNDECLARED_SELECTOR = YES;
				GCC_WARN_UNINITIALIZED_AUTOS = YES_AGGRESSIVE;
				GCC_WARN_UNUSED_FUNCTION = YES;
				GCC_WARN_UNUSED_VARIABLE = YES;
				IPHONEOS_DEPLOYMENT_TARGET = 8.1;
				MTL_ENABLE_DEBUG_INFO = YES;
				ONLY_ACTIVE_ARCH = YES;
				SDKROOT = iphoneos;
			};
			name = Debug;
		};
		E074AD1A1A8824C700CC037F /* Release */ = {
			isa = XCBuildConfiguration;
			buildSettings = {
				ALWAYS_SEARCH_USER_PATHS = NO;
				CLANG_CXX_LANGUAGE_STANDARD = "gnu++0x";
				CLANG_CXX_LIBRARY = "libc++";
				CLANG_ENABLE_MODULES = YES;
				CLANG_ENABLE_OBJC_ARC = YES;
				CLANG_WARN_BOOL_CONVERSION = YES;
				CLANG_WARN_CONSTANT_CONVERSION = YES;
				CLANG_WARN_DIRECT_OBJC_ISA_USAGE = YES_ERROR;
				CLANG_WARN_EMPTY_BODY = YES;
				CLANG_WARN_ENUM_CONVERSION = YES;
				CLANG_WARN_INT_CONVERSION = YES;
				CLANG_WARN_OBJC_ROOT_CLASS = YES_ERROR;
				CLANG_WARN_UNREACHABLE_CODE = YES;
				CLANG_WARN__DUPLICATE_METHOD_MATCH = YES;
				"CODE_SIGN_IDENTITY[sdk=iphoneos*]" = "iPhone Developer";
				COPY_PHASE_STRIP = YES;
				ENABLE_NS_ASSERTIONS = NO;
				ENABLE_STRICT_OBJC_MSGSEND = YES;
				GCC_C_LANGUAGE_STANDARD = gnu99;
				GCC_WARN_64_TO_32_BIT_CONVERSION = YES;
				GCC_WARN_ABOUT_RETURN_TYPE = YES_ERROR;
				GCC_WARN_UNDECLARED_SELECTOR = YES;
				GCC_WARN_UNINITIALIZED_AUTOS = YES_AGGRESSIVE;
				GCC_WARN_UNUSED_FUNCTION = YES;
				GCC_WARN_UNUSED_VARIABLE = YES;
				IPHONEOS_DEPLOYMENT_TARGET = 8.1;
				MTL_ENABLE_DEBUG_INFO = NO;
				SDKROOT = iphoneos;
				VALIDATE_PRODUCT = YES;
			};
			name = Release;
		};
		E074AD1C1A8824C700CC037F /* Debug */ = {
			isa = XCBuildConfiguration;
			buildSettings = {
				ASSETCATALOG_COMPILER_APPICON_NAME = AppIcon;
				CODE_SIGN_IDENTITY = "iPhone Developer";
				"CODE_SIGN_IDENTITY[sdk=iphoneos*]" = "iPhone Developer";
				FRAMEWORK_SEARCH_PATHS = (
					"$(inherited)",
					"$(PROJECT_DIR)/parse-library-1",
				);
				INFOPLIST_FILE = Exclusive/Info.plist;
				LD_RUNPATH_SEARCH_PATHS = "$(inherited) @executable_path/Frameworks";
				PRODUCT_NAME = "$(TARGET_NAME)";
				PROVISIONING_PROFILE = "";
			};
			name = Debug;
		};
		E074AD1D1A8824C700CC037F /* Release */ = {
			isa = XCBuildConfiguration;
			buildSettings = {
				ASSETCATALOG_COMPILER_APPICON_NAME = AppIcon;
				CODE_SIGN_IDENTITY = "iPhone Developer";
				"CODE_SIGN_IDENTITY[sdk=iphoneos*]" = "iPhone Developer";
				FRAMEWORK_SEARCH_PATHS = (
					"$(inherited)",
					"$(PROJECT_DIR)/parse-library-1",
				);
				INFOPLIST_FILE = Exclusive/Info.plist;
				LD_RUNPATH_SEARCH_PATHS = "$(inherited) @executable_path/Frameworks";
				PRODUCT_NAME = "$(TARGET_NAME)";
				PROVISIONING_PROFILE = "";
			};
			name = Release;
		};
		E074AD1F1A8824C700CC037F /* Debug */ = {
			isa = XCBuildConfiguration;
			buildSettings = {
				BUNDLE_LOADER = "$(TEST_HOST)";
				FRAMEWORK_SEARCH_PATHS = (
					"$(SDKROOT)/Developer/Library/Frameworks",
					"$(inherited)",
				);
				GCC_PREPROCESSOR_DEFINITIONS = (
					"DEBUG=1",
					"$(inherited)",
				);
				INFOPLIST_FILE = ExclusiveTests/Info.plist;
				LD_RUNPATH_SEARCH_PATHS = "$(inherited) @executable_path/Frameworks @loader_path/Frameworks";
				PRODUCT_NAME = "$(TARGET_NAME)";
				TEST_HOST = "$(BUILT_PRODUCTS_DIR)/Exclusive.app/Exclusive";
			};
			name = Debug;
		};
		E074AD201A8824C700CC037F /* Release */ = {
			isa = XCBuildConfiguration;
			buildSettings = {
				BUNDLE_LOADER = "$(TEST_HOST)";
				FRAMEWORK_SEARCH_PATHS = (
					"$(SDKROOT)/Developer/Library/Frameworks",
					"$(inherited)",
				);
				INFOPLIST_FILE = ExclusiveTests/Info.plist;
				LD_RUNPATH_SEARCH_PATHS = "$(inherited) @executable_path/Frameworks @loader_path/Frameworks";
				PRODUCT_NAME = "$(TARGET_NAME)";
				TEST_HOST = "$(BUILT_PRODUCTS_DIR)/Exclusive.app/Exclusive";
			};
			name = Release;
		};
/* End XCBuildConfiguration section */

/* Begin XCConfigurationList section */
		E074ACED1A8824C700CC037F /* Build configuration list for PBXProject "Exclusive" */ = {
			isa = XCConfigurationList;
			buildConfigurations = (
				E074AD191A8824C700CC037F /* Debug */,
				E074AD1A1A8824C700CC037F /* Release */,
			);
			defaultConfigurationIsVisible = 0;
			defaultConfigurationName = Release;
		};
		E074AD1B1A8824C700CC037F /* Build configuration list for PBXNativeTarget "Exclusive" */ = {
			isa = XCConfigurationList;
			buildConfigurations = (
				E074AD1C1A8824C700CC037F /* Debug */,
				E074AD1D1A8824C700CC037F /* Release */,
			);
			defaultConfigurationIsVisible = 0;
			defaultConfigurationName = Release;
		};
		E074AD1E1A8824C700CC037F /* Build configuration list for PBXNativeTarget "ExclusiveTests" */ = {
			isa = XCConfigurationList;
			buildConfigurations = (
				E074AD1F1A8824C700CC037F /* Debug */,
				E074AD201A8824C700CC037F /* Release */,
			);
			defaultConfigurationIsVisible = 0;
			defaultConfigurationName = Release;
		};
/* End XCConfigurationList section */

/* Begin XCVersionGroup section */
		E074ACFC1A8824C700CC037F /* Exclusive.xcdatamodeld */ = {
			isa = XCVersionGroup;
			children = (
				E074ACFD1A8824C700CC037F /* Exclusive.xcdatamodel */,
			);
			currentVersion = E074ACFD1A8824C700CC037F /* Exclusive.xcdatamodel */;
			path = Exclusive.xcdatamodeld;
			sourceTree = "<group>";
			versionGroupType = wrapper.xcdatamodel;
		};
/* End XCVersionGroup section */
	};
	rootObject = E074ACEA1A8824C700CC037F /* Project object */;
}
